
Microsoft Visual Studio Solution File, Format Version 12.00
# Visual Studio 2013
VisualStudioVersion = 12.0.31101.0
MinimumVisualStudioVersion = 10.0.40219.1
Project("{8BC9CEB8-8B4A-11D0-8D11-00A0C91BC942}") = "OpenGL", "OpenGL\OpenGL.vcxproj", "{4D5A26E6-EDEA-472D-8F47-2C7DB42E8C0A}"
EndProject
Project("{8BC9CEB8-8B4A-11D0-8D11-00A0C91BC942}") = "Renderer", "Renderer\Renderer.vcxproj", "{51781B57-97CA-444B-BF06-997FC191A99A}"
EndProject
Project("{8BC9CEB8-8B4A-11D0-8D11-00A0C91BC942}") = "AssetLoader", "AssetLoader\AssetLoader.vcxproj", "{BA1C879C-2D2D-4B25-B5D3-E9D714661758}"
EndProject
Global
	GlobalSection(SolutionConfigurationPlatforms) = preSolution
		Debug|Mixed Platforms = Debug|Mixed Platforms
		Debug|Win32 = Debug|Win32
		Debug|x64 = Debug|x64
		Release|Mixed Platforms = Release|Mixed Platforms
		Release|Win32 = Release|Win32
		Release|x64 = Release|x64
	EndGlobalSection
	GlobalSection(ProjectConfigurationPlatforms) = postSolution
		{4D5A26E6-EDEA-472D-8F47-2C7DB42E8C0A}.Debug|Mixed Platforms.ActiveCfg = Debug|Win32
		{4D5A26E6-EDEA-472D-8F47-2C7DB42E8C0A}.Debug|Mixed Platforms.Build.0 = Debug|Win32
		{4D5A26E6-EDEA-472D-8F47-2C7DB42E8C0A}.Debug|Win32.ActiveCfg = Debug|Win32
		{4D5A26E6-EDEA-472D-8F47-2C7DB42E8C0A}.Debug|Win32.Build.0 = Debug|Win32
		{4D5A26E6-EDEA-472D-8F47-2C7DB42E8C0A}.Debug|x64.ActiveCfg = Debug|x64
		{4D5A26E6-EDEA-472D-8F47-2C7DB42E8C0A}.Debug|x64.Build.0 = Debug|x64
		{4D5A26E6-EDEA-472D-8F47-2C7DB42E8C0A}.Release|Mixed Platforms.ActiveCfg = Release|Win32
		{4D5A26E6-EDEA-472D-8F47-2C7DB42E8C0A}.Release|Mixed Platforms.Build.0 = Release|Win32
		{4D5A26E6-EDEA-472D-8F47-2C7DB42E8C0A}.Release|Win32.ActiveCfg = Release|Win32
		{4D5A26E6-EDEA-472D-8F47-2C7DB42E8C0A}.Release|Win32.Build.0 = Release|Win32
		{4D5A26E6-EDEA-472D-8F47-2C7DB42E8C0A}.Release|x64.ActiveCfg = Release|x64
		{4D5A26E6-EDEA-472D-8F47-2C7DB42E8C0A}.Release|x64.Build.0 = Release|x64
		{51781B57-97CA-444B-BF06-997FC191A99A}.Debug|Mixed Platforms.ActiveCfg = Debug|x64
		{51781B57-97CA-444B-BF06-997FC191A99A}.Debug|Mixed Platforms.Build.0 = Debug|x64
		{51781B57-97CA-444B-BF06-997FC191A99A}.Debug|Win32.ActiveCfg = Debug|Win32
		{51781B57-97CA-444B-BF06-997FC191A99A}.Debug|Win32.Build.0 = Debug|Win32
		{51781B57-97CA-444B-BF06-997FC191A99A}.Debug|x64.ActiveCfg = Debug|x64
		{51781B57-97CA-444B-BF06-997FC191A99A}.Debug|x64.Build.0 = Debug|x64
		{51781B57-97CA-444B-BF06-997FC191A99A}.Release|Mixed Platforms.ActiveCfg = Release|Win32
		{51781B57-97CA-444B-BF06-997FC191A99A}.Release|Mixed Platforms.Build.0 = Release|Win32
		{51781B57-97CA-444B-BF06-997FC191A99A}.Release|Win32.ActiveCfg = Release|Win32
		{51781B57-97CA-444B-BF06-997FC191A99A}.Release|Win32.Build.0 = Release|Win32
		{51781B57-97CA-444B-BF06-997FC191A99A}.Release|x64.ActiveCfg = Release|x64
		{51781B57-97CA-444B-BF06-997FC191A99A}.Release|x64.Build.0 = Release|x64
		{BA1C879C-2D2D-4B25-B5D3-E9D714661758}.Debug|Mixed Platforms.ActiveCfg = Debug|Win32
		{BA1C879C-2D2D-4B25-B5D3-E9D714661758}.Debug|Mixed Platforms.Build.0 = Debug|Win32
		{BA1C879C-2D2D-4B25-B5D3-E9D714661758}.Debug|Win32.ActiveCfg = Debug|Win32
		{BA1C879C-2D2D-4B25-B5D3-E9D714661758}.Debug|Win32.Build.0 = Debug|Win32
		{BA1C879C-2D2D-4B25-B5D3-E9D714661758}.Debug|x64.ActiveCfg = Debug|Win32
		{BA1C879C-2D2D-4B25-B5D3-E9D714661758}.Release|Mixed Platforms.ActiveCfg = Release|Win32
		{BA1C879C-2D2D-4B25-B5D3-E9D714661758}.Release|Mixed Platforms.Build.0 = Release|Win32
		{BA1C879C-2D2D-4B25-B5D3-E9D714661758}.Release|Win32.ActiveCfg = Release|Win32
		{BA1C879C-2D2D-4B25-B5D3-E9D714661758}.Release|Win32.Build.0 = Release|Win32
		{BA1C879C-2D2D-4B25-B5D3-E9D714661758}.Release|x64.ActiveCfg = Release|Win32
	EndGlobalSection
	GlobalSection(SolutionProperties) = preSolution
		HideSolutionNode = FALSE
	EndGlobalSection
EndGlobal
