<?xml version="1.0" encoding="utf-8"?>
<Project ToolsVersion="4.0" xmlns="http://schemas.microsoft.com/developer/msbuild/2003">
  <ItemGroup>
    <Filter Include="Source Files">
      <UniqueIdentifier>{4FC737F1-C7A5-4376-A066-2A32D752A2FF}</UniqueIdentifier>
      <Extensions>cpp;c;cc;cxx;def;odl;idl;hpj;bat;asm;asmx</Extensions>
    </Filter>
    <Filter Include="Header Files">
      <UniqueIdentifier>{93995380-89BD-4b04-88EB-625FBE52EBFB}</UniqueIdentifier>
      <Extensions>h;hh;hpp;hxx;hm;inl;inc;xsd</Extensions>
    </Filter>
    <Filter Include="Resource Files">
      <UniqueIdentifier>{67DA6AB6-F800-4c08-8B7A-83BB121AAD01}</UniqueIdentifier>
      <Extensions>rc;ico;cur;bmp;dlg;rc2;rct;bin;rgs;gif;jpg;jpeg;jpe;resx;tiff;tif;png;wav;mfcribbon-ms</Extensions>
    </Filter>
    <Filter Include="Header Files\Resources">
      <UniqueIdentifier>{5641c211-5b5d-4bb6-b011-2582d5202c2b}</UniqueIdentifier>
    </Filter>
    <Filter Include="Source Files\Resources">
      <UniqueIdentifier>{76518c1a-61ce-4e0d-ba70-5e0c61bb96b2}</UniqueIdentifier>
    </Filter>
    <Filter Include="Header Files\Renderer">
      <UniqueIdentifier>{595ea1b3-1d55-41d2-b0ec-43554c438e91}</UniqueIdentifier>
    </Filter>
    <Filter Include="Source Files\Renderer">
      <UniqueIdentifier>{aadeb0af-ee64-43c1-a998-88a22682e4d4}</UniqueIdentifier>
    </Filter>
    <Filter Include="Header Files\Interface">
      <UniqueIdentifier>{ff770799-0935-4004-af6b-d7f9de06cfea}</UniqueIdentifier>
    </Filter>
    <Filter Include="Source Files\Interface">
      <UniqueIdentifier>{85aac2f8-b879-44ad-9d6d-0b67b4bf076c}</UniqueIdentifier>
    </Filter>
    <Filter Include="Header Files\System">
      <UniqueIdentifier>{95e794ae-d694-47b2-86ee-6a298dd63022}</UniqueIdentifier>
    </Filter>
    <Filter Include="Header Files\Resources\Mesh">
      <UniqueIdentifier>{a1b4ba07-55da-4680-bb8e-f030427b959e}</UniqueIdentifier>
    </Filter>
    <Filter Include="Source Files\Resources\Mesh">
      <UniqueIdentifier>{3c8edc97-08aa-4f8e-becf-2f671e69fd51}</UniqueIdentifier>
    </Filter>
  </ItemGroup>
  <ItemGroup>
    <ClInclude Include="Resources.h">
      <Filter>Header Files\Resources</Filter>
    </ClInclude>
    <ClInclude Include="Defines.h">
      <Filter>Header Files\Resources</Filter>
    </ClInclude>
    <ClInclude Include="Graphics.h">
      <Filter>Header Files\Renderer</Filter>
    </ClInclude>
    <ClInclude Include="Renderer.h">
      <Filter>Header Files\Renderer</Filter>
    </ClInclude>
    <ClInclude Include="RendererApp.h">
      <Filter>Header Files\Interface</Filter>
    </ClInclude>
    <ClInclude Include="Input.h">
      <Filter>Header Files\System</Filter>
    </ClInclude>
    <ClInclude Include="Camera.h">
      <Filter>Header Files\System</Filter>
    </ClInclude>
    <ClInclude Include="MeshSlotMap.h">
      <Filter>Header Files\Renderer</Filter>
    </ClInclude>
    <ClInclude Include="BlockingQueue.hpp">
      <Filter>Header Files\Resources</Filter>
    </ClInclude>
    <ClInclude Include="MeshContainer.h">
      <Filter>Header Files\Resources\Mesh</Filter>
    </ClInclude>
    <ClInclude Include="MeshLoader.h">
      <Filter>Header Files\Resources\Mesh</Filter>
    </ClInclude>
    <ClInclude Include="Triangle.h">
      <Filter>Header Files\Resources\Mesh</Filter>
    </ClInclude>
    <ClInclude Include="Vertex.h">
      <Filter>Header Files\Resources\Mesh</Filter>
    </ClInclude>
    <ClInclude Include="RawMesh.h">
      <Filter>Header Files\Resources\Mesh</Filter>
    </ClInclude>
    <ClInclude Include="MeshStream.hpp">
      <Filter>Header Files\Resources\Mesh</Filter>
    </ClInclude>
    <ClInclude Include="RawMeshData.h">
      <Filter>Header Files\Resources\Mesh</Filter>
    </ClInclude>
    <ClInclude Include="Mesh.h">
      <Filter>Header Files\Resources\Mesh</Filter>
    </ClInclude>
  </ItemGroup>
  <ItemGroup>
    <ClCompile Include="Resources.cpp">
      <Filter>Source Files\Resources</Filter>
    </ClCompile>
    <ClCompile Include="Graphics.cpp">
      <Filter>Source Files\Renderer</Filter>
    </ClCompile>
    <ClCompile Include="Renderer.cpp">
      <Filter>Source Files\Renderer</Filter>
    </ClCompile>
    <ClCompile Include="RendererApp.cpp">
      <Filter>Source Files\Interface</Filter>
    </ClCompile>
    <ClCompile Include="MeshSlotMap.cpp">
      <Filter>Source Files\Renderer</Filter>
    </ClCompile>
    <ClCompile Include="Mesh.cpp">
      <Filter>Source Files\Resources\Mesh</Filter>
    </ClCompile>
    <ClCompile Include="MeshContainer.cpp">
      <Filter>Source Files\Resources\Mesh</Filter>
    </ClCompile>
    <ClCompile Include="MeshLoader.cpp">
      <Filter>Source Files\Resources\Mesh</Filter>
    </ClCompile>
    <ClCompile Include="MeshStream.cpp">
      <Filter>Source Files\Resources\Mesh</Filter>
    </ClCompile>
    <ClCompile Include="RawMesh.cpp">
      <Filter>Source Files\Resources\Mesh</Filter>
    </ClCompile>
  </ItemGroup>
  <ItemGroup>
    <MeshContentTask Include="humanoid.fbx">
      <Filter>Resource Files</Filter>
    </MeshContentTask>
    <MeshContentTask Include="teapot.fbx">
      <Filter>Resource Files</Filter>
    </MeshContentTask>
  </ItemGroup>
</Project>